
Microsoft Visual Studio Solution File, Format Version 12.00
# Visual Studio 15
VisualStudioVersion = 15.0.27130.0
MinimumVisualStudioVersion = 10.0.40219.1
Project("{FAE04EC0-301F-11D3-BF4B-00C04F79EFBC}") = "PnPExtentionMethod", "PnPExtentionMethod\PnPExtentionMethod.csproj", "{78749F83-4B4C-4530-890A-1AA7D4180803}"
EndProject
Project("{FAE04EC0-301F-11D3-BF4B-00C04F79EFBC}") = "PnPCoreTimerJob", "PnPCoreTimerJob\PnPCoreTimerJob.csproj", "{F16CC05A-B1B1-4D35-ADDB-CDCEEDF6E1B6}"
EndProject
Global
	GlobalSection(SolutionConfigurationPlatforms) = preSolution
		Debug|Any CPU = Debug|Any CPU
		Release|Any CPU = Release|Any CPU
	EndGlobalSection
	GlobalSection(ProjectConfigurationPlatforms) = postSolution
		{78749F83-4B4C-4530-890A-1AA7D4180803}.Debug|Any CPU.ActiveCfg = Debug|Any CPU
		{78749F83-4B4C-4530-890A-1AA7D4180803}.Debug|Any CPU.Build.0 = Debug|Any CPU
		{78749F83-4B4C-4530-890A-1AA7D4180803}.Release|Any CPU.ActiveCfg = Release|Any CPU
		{78749F83-4B4C-4530-890A-1AA7D4180803}.Release|Any CPU.Build.0 = Release|Any CPU
		{F16CC05A-B1B1-4D35-ADDB-CDCEEDF6E1B6}.Debug|Any CPU.ActiveCfg = Debug|Any CPU
		{F16CC05A-B1B1-4D35-ADDB-CDCEEDF6E1B6}.Debug|Any CPU.Build.0 = Debug|Any CPU
		{F16CC05A-B1B1-4D35-ADDB-CDCEEDF6E1B6}.Release|Any CPU.ActiveCfg = Release|Any CPU
		{F16CC05A-B1B1-4D35-ADDB-CDCEEDF6E1B6}.Release|Any CPU.Build.0 = Release|Any CPU
	EndGlobalSection
	GlobalSection(SolutionProperties) = preSolution
		HideSolutionNode = FALSE
	EndGlobalSection
	GlobalSection(ExtensibilityGlobals) = postSolution
		SolutionGuid = {F6E5A03E-E805-4A4C-871C-8B53D27030CB}
	EndGlobalSection
EndGlobal
